
Microsoft Visual Studio Solution File, Format Version 12.00
# Visual Studio Version 17
VisualStudioVersion = 17.2.32630.192
MinimumVisualStudioVersion = 10.0.40219.1
Project("{FAE04EC0-301F-11D3-BF4B-00C04F79EFBC}") = "MachineLearning", "MachineLearning\MachineLearning.csproj", "{AB79D347-8F3B-415A-8F0E-9092C5EB5E76}"
EndProject
Global
	GlobalSection(SolutionConfigurationPlatforms) = preSolution
		Debug|Any CPU = Debug|Any CPU
		Release|Any CPU = Release|Any CPU
	EndGlobalSection
	GlobalSection(ProjectConfigurationPlatforms) = postSolution
		{AB79D347-8F3B-415A-8F0E-9092C5EB5E76}.Debug|Any CPU.ActiveCfg = Debug|Any CPU
		{AB79D347-8F3B-415A-8F0E-9092C5EB5E76}.Debug|Any CPU.Build.0 = Debug|Any CPU
		{AB79D347-8F3B-415A-8F0E-9092C5EB5E76}.Release|Any CPU.ActiveCfg = Release|Any CPU
		{AB79D347-8F3B-415A-8F0E-9092C5EB5E76}.Release|Any CPU.Build.0 = Release|Any CPU
	EndGlobalSection
	GlobalSection(SolutionProperties) = preSolution
		HideSolutionNode = FALSE
	EndGlobalSection
	GlobalSection(ExtensibilityGlobals) = postSolution
		SolutionGuid = {B9FEF70F-D414-4B33-8D0F-438C0025DA68}
	EndGlobalSection
EndGlobal
